
Microsoft Visual Studio Solution File, Format Version 12.00
# Visual Studio Version 16
VisualStudioVersion = 16.0.29519.87
MinimumVisualStudioVersion = 10.0.40219.1
Project("{9A19103F-16F7-4668-BE54-9A1E7A4F7556}") = "Deployment-Configuration-Example", "Deployment-Configuration-Example\Deployment-Configuration-Example.csproj", "{DFECCA9B-2F75-4B6E-A0E7-5F3E99C00A99}"
EndProject
Project("{9A19103F-16F7-4668-BE54-9A1E7A4F7556}") = "Deployment-Configuration-Example.Tests", "Deployment-Configuration-Example.Tests\Deployment-Configuration-Example.Tests.csproj", "{46DA29E2-3DCC-4B4B-A659-6B1DEB3C39A5}"
EndProject
Project("{2150E333-8FDC-42A3-9474-1A3956D46DE8}") = "Solution Files", "Solution Files", "{A0E0E408-A79E-4F83-A427-F811ABCAC6D6}"
	ProjectSection(SolutionItems) = preProject
		azure-pipelines.yml = azure-pipelines.yml
	EndProjectSection
EndProject
Global
	GlobalSection(SolutionConfigurationPlatforms) = preSolution
		Debug|Any CPU = Debug|Any CPU
		Release|Any CPU = Release|Any CPU
	EndGlobalSection
	GlobalSection(ProjectConfigurationPlatforms) = postSolution
		{DFECCA9B-2F75-4B6E-A0E7-5F3E99C00A99}.Debug|Any CPU.ActiveCfg = Debug|Any CPU
		{DFECCA9B-2F75-4B6E-A0E7-5F3E99C00A99}.Debug|Any CPU.Build.0 = Debug|Any CPU
		{DFECCA9B-2F75-4B6E-A0E7-5F3E99C00A99}.Release|Any CPU.ActiveCfg = Release|Any CPU
		{DFECCA9B-2F75-4B6E-A0E7-5F3E99C00A99}.Release|Any CPU.Build.0 = Release|Any CPU
		{46DA29E2-3DCC-4B4B-A659-6B1DEB3C39A5}.Debug|Any CPU.ActiveCfg = Debug|Any CPU
		{46DA29E2-3DCC-4B4B-A659-6B1DEB3C39A5}.Debug|Any CPU.Build.0 = Debug|Any CPU
		{46DA29E2-3DCC-4B4B-A659-6B1DEB3C39A5}.Release|Any CPU.ActiveCfg = Release|Any CPU
		{46DA29E2-3DCC-4B4B-A659-6B1DEB3C39A5}.Release|Any CPU.Build.0 = Release|Any CPU
	EndGlobalSection
	GlobalSection(SolutionProperties) = preSolution
		HideSolutionNode = FALSE
	EndGlobalSection
	GlobalSection(ExtensibilityGlobals) = postSolution
		SolutionGuid = {2379E094-134D-47BB-8444-329852CDF061}
	EndGlobalSection
EndGlobal
